// !$*UTF8*$!
{
	archiveVersion = 1;
	classes = {
	};
	objectVersion = 56;
	objects = {

/* Begin PBXBuildFile section */
		2B1EA1532B1F7EA1003802E7 /* LetterGridCellView.swift in Sources */ = {isa = PBXBuildFile; fileRef = 2B1EA1522B1F7EA1003802E7 /* LetterGridCellView.swift */; };
		2B1EA1552B1F7F30003802E7 /* WordGenerator.swift in Sources */ = {isa = PBXBuildFile; fileRef = 2B1EA1542B1F7F30003802E7 /* WordGenerator.swift */; };
		2B1EA1572B1F7F81003802E7 /* LetterGridCellModel.swift in Sources */ = {isa = PBXBuildFile; fileRef = 2B1EA1562B1F7F81003802E7 /* LetterGridCellModel.swift */; };
		2B43596B2B21CFA000581832 /* StringExtensions.swift in Sources */ = {isa = PBXBuildFile; fileRef = 2B43596A2B21CFA000581832 /* StringExtensions.swift */; };
		2B61AB532B1A1C8C00620295 /* WordleCloneApp.swift in Sources */ = {isa = PBXBuildFile; fileRef = 2B61AB522B1A1C8C00620295 /* WordleCloneApp.swift */; };
		2B61AB552B1A1C8C00620295 /* GameScreenView.swift in Sources */ = {isa = PBXBuildFile; fileRef = 2B61AB542B1A1C8C00620295 /* GameScreenView.swift */; };
		2B61AB572B1A1C8D00620295 /* Assets.xcassets in Resources */ = {isa = PBXBuildFile; fileRef = 2B61AB562B1A1C8D00620295 /* Assets.xcassets */; };
		2B61AB5A2B1A1C8D00620295 /* Preview Assets.xcassets in Resources */ = {isa = PBXBuildFile; fileRef = 2B61AB592B1A1C8D00620295 /* Preview Assets.xcassets */; };
		2B61AB642B1A1C8D00620295 /* GameScreenViewModelTests.swift in Sources */ = {isa = PBXBuildFile; fileRef = 2B61AB632B1A1C8D00620295 /* GameScreenViewModelTests.swift */; };
		2B61AB6E2B1A1C8D00620295 /* WordleCloneUITests.swift in Sources */ = {isa = PBXBuildFile; fileRef = 2B61AB6D2B1A1C8D00620295 /* WordleCloneUITests.swift */; };
		2B61AB702B1A1C8D00620295 /* WordleCloneUITestsLaunchTests.swift in Sources */ = {isa = PBXBuildFile; fileRef = 2B61AB6F2B1A1C8D00620295 /* WordleCloneUITestsLaunchTests.swift */; };
		2B61AB7D2B1A23D500620295 /* GameScreenViewModel.swift in Sources */ = {isa = PBXBuildFile; fileRef = 2B61AB7C2B1A23D500620295 /* GameScreenViewModel.swift */; };
		2B61AB802B1A36F200620295 /* MockData.swift in Sources */ = {isa = PBXBuildFile; fileRef = 2B61AB7F2B1A36F200620295 /* MockData.swift */; };
		2B7696252B262D3F0078DF68 /* ColourManager.swift in Sources */ = {isa = PBXBuildFile; fileRef = 2B7696242B262D3F0078DF68 /* ColourManager.swift */; };
		2B76962F2B2A09D10078DF68 /* GameCompletedView.swift in Sources */ = {isa = PBXBuildFile; fileRef = 2B76962E2B2A09D10078DF68 /* GameCompletedView.swift */; };
		2B7696312B2A09FA0078DF68 /* CircleCloseButton.swift in Sources */ = {isa = PBXBuildFile; fileRef = 2B7696302B2A09FA0078DF68 /* CircleCloseButton.swift */; };
		2B7696372B2A133B0078DF68 /* KeyboardDeleteButton.swift in Sources */ = {isa = PBXBuildFile; fileRef = 2B7696362B2A133B0078DF68 /* KeyboardDeleteButton.swift */; };
		2B7696392B2A13620078DF68 /* KeyboardEnterButton.swift in Sources */ = {isa = PBXBuildFile; fileRef = 2B7696382B2A13620078DF68 /* KeyboardEnterButton.swift */; };
		2B76963B2B2A13990078DF68 /* KeyboardLetterButton.swift in Sources */ = {isa = PBXBuildFile; fileRef = 2B76963A2B2A13990078DF68 /* KeyboardLetterButton.swift */; };
		2B76963F2B2B011B0078DF68 /* five-letter-words.txt in Resources */ = {isa = PBXBuildFile; fileRef = 2B76963E2B2B011B0078DF68 /* five-letter-words.txt */; };
		2B7696432B2B13B10078DF68 /* WordGeneratorTests.swift in Sources */ = {isa = PBXBuildFile; fileRef = 2B7696422B2B13B10078DF68 /* WordGeneratorTests.swift */; };
		2B7696452B2B13D30078DF68 /* WordGeneratorMock.swift in Sources */ = {isa = PBXBuildFile; fileRef = 2B7696442B2B13D30078DF68 /* WordGeneratorMock.swift */; };
		2B7696472B2B368F0078DF68 /* ResetButton.swift in Sources */ = {isa = PBXBuildFile; fileRef = 2B7696462B2B368F0078DF68 /* ResetButton.swift */; };
		2B7696492B2B377C0078DF68 /* KeyboardView.swift in Sources */ = {isa = PBXBuildFile; fileRef = 2B7696482B2B377C0078DF68 /* KeyboardView.swift */; };
		2B76964B2B2B41300078DF68 /* KeyboardButton.swift in Sources */ = {isa = PBXBuildFile; fileRef = 2B76964A2B2B41300078DF68 /* KeyboardButton.swift */; };
		2B76964D2B2B4D9E0078DF68 /* KeyboardLetterKeyModel.swift in Sources */ = {isa = PBXBuildFile; fileRef = 2B76964C2B2B4D9E0078DF68 /* KeyboardLetterKeyModel.swift */; };
		2B7696502B2B559C0078DF68 /* DictionaryService.swift in Sources */ = {isa = PBXBuildFile; fileRef = 2B76964F2B2B559C0078DF68 /* DictionaryService.swift */; };
		2B7696522B2B62AE0078DF68 /* DictionaryServiceTests.swift in Sources */ = {isa = PBXBuildFile; fileRef = 2B7696512B2B62AE0078DF68 /* DictionaryServiceTests.swift */; };
		2B7696562B2B896E0078DF68 /* HttpClient.swift in Sources */ = {isa = PBXBuildFile; fileRef = 2B7696552B2B896E0078DF68 /* HttpClient.swift */; };
		2B7696582B2B8B6D0078DF68 /* DictionaryAPIResponse.json in Resources */ = {isa = PBXBuildFile; fileRef = 2B7696572B2B8B6D0078DF68 /* DictionaryAPIResponse.json */; };
		2B76965A2B2C64B80078DF68 /* MockHttpClient.swift in Sources */ = {isa = PBXBuildFile; fileRef = 2B7696592B2C64B80078DF68 /* MockHttpClient.swift */; };
		2B76965E2B2C6DAE0078DF68 /* WordDataResponse.swift in Sources */ = {isa = PBXBuildFile; fileRef = 2B76965D2B2C6DAE0078DF68 /* WordDataResponse.swift */; };
		2B7696602B2C6DC60078DF68 /* WordMeaning.swift in Sources */ = {isa = PBXBuildFile; fileRef = 2B76965F2B2C6DC60078DF68 /* WordMeaning.swift */; };
		2B7696622B2C6DDC0078DF68 /* WordDefinition.swift in Sources */ = {isa = PBXBuildFile; fileRef = 2B7696612B2C6DDC0078DF68 /* WordDefinition.swift */; };
		2B7696642B2C6DFB0078DF68 /* DictionaryData.swift in Sources */ = {isa = PBXBuildFile; fileRef = 2B7696632B2C6DFB0078DF68 /* DictionaryData.swift */; };
		2B7696672B30921A0078DF68 /* KeyboardActionButtonModel.swift in Sources */ = {isa = PBXBuildFile; fileRef = 2B7696662B30921A0078DF68 /* KeyboardActionButtonModel.swift */; };
/* End PBXBuildFile section */

/* Begin PBXContainerItemProxy section */
		2B61AB602B1A1C8D00620295 /* PBXContainerItemProxy */ = {
			isa = PBXContainerItemProxy;
			containerPortal = 2B61AB472B1A1C8C00620295 /* Project object */;
			proxyType = 1;
			remoteGlobalIDString = 2B61AB4E2B1A1C8C00620295;
			remoteInfo = WordleClone;
		};
		2B61AB6A2B1A1C8D00620295 /* PBXContainerItemProxy */ = {
			isa = PBXContainerItemProxy;
			containerPortal = 2B61AB472B1A1C8C00620295 /* Project object */;
			proxyType = 1;
			remoteGlobalIDString = 2B61AB4E2B1A1C8C00620295;
			remoteInfo = WordleClone;
		};
/* End PBXContainerItemProxy section */

/* Begin PBXFileReference section */
		2B1EA1522B1F7EA1003802E7 /* LetterGridCellView.swift */ = {isa = PBXFileReference; lastKnownFileType = sourcecode.swift; path = LetterGridCellView.swift; sourceTree = "<group>"; };
		2B1EA1542B1F7F30003802E7 /* WordGenerator.swift */ = {isa = PBXFileReference; lastKnownFileType = sourcecode.swift; path = WordGenerator.swift; sourceTree = "<group>"; };
		2B1EA1562B1F7F81003802E7 /* LetterGridCellModel.swift */ = {isa = PBXFileReference; lastKnownFileType = sourcecode.swift; path = LetterGridCellModel.swift; sourceTree = "<group>"; };
		2B43596A2B21CFA000581832 /* StringExtensions.swift */ = {isa = PBXFileReference; lastKnownFileType = sourcecode.swift; path = StringExtensions.swift; sourceTree = "<group>"; };
		2B61AB4F2B1A1C8C00620295 /* WordleClone.app */ = {isa = PBXFileReference; explicitFileType = wrapper.application; includeInIndex = 0; path = WordleClone.app; sourceTree = BUILT_PRODUCTS_DIR; };
		2B61AB522B1A1C8C00620295 /* WordleCloneApp.swift */ = {isa = PBXFileReference; lastKnownFileType = sourcecode.swift; path = WordleCloneApp.swift; sourceTree = "<group>"; };
		2B61AB542B1A1C8C00620295 /* GameScreenView.swift */ = {isa = PBXFileReference; lastKnownFileType = sourcecode.swift; path = GameScreenView.swift; sourceTree = "<group>"; };
		2B61AB562B1A1C8D00620295 /* Assets.xcassets */ = {isa = PBXFileReference; lastKnownFileType = folder.assetcatalog; path = Assets.xcassets; sourceTree = "<group>"; };
		2B61AB592B1A1C8D00620295 /* Preview Assets.xcassets */ = {isa = PBXFileReference; lastKnownFileType = folder.assetcatalog; path = "Preview Assets.xcassets"; sourceTree = "<group>"; };
		2B61AB5F2B1A1C8D00620295 /* WordleCloneTests.xctest */ = {isa = PBXFileReference; explicitFileType = wrapper.cfbundle; includeInIndex = 0; path = WordleCloneTests.xctest; sourceTree = BUILT_PRODUCTS_DIR; };
		2B61AB632B1A1C8D00620295 /* GameScreenViewModelTests.swift */ = {isa = PBXFileReference; lastKnownFileType = sourcecode.swift; path = GameScreenViewModelTests.swift; sourceTree = "<group>"; };
		2B61AB692B1A1C8D00620295 /* WordleCloneUITests.xctest */ = {isa = PBXFileReference; explicitFileType = wrapper.cfbundle; includeInIndex = 0; path = WordleCloneUITests.xctest; sourceTree = BUILT_PRODUCTS_DIR; };
		2B61AB6D2B1A1C8D00620295 /* WordleCloneUITests.swift */ = {isa = PBXFileReference; lastKnownFileType = sourcecode.swift; path = WordleCloneUITests.swift; sourceTree = "<group>"; };
		2B61AB6F2B1A1C8D00620295 /* WordleCloneUITestsLaunchTests.swift */ = {isa = PBXFileReference; lastKnownFileType = sourcecode.swift; path = WordleCloneUITestsLaunchTests.swift; sourceTree = "<group>"; };
		2B61AB7C2B1A23D500620295 /* GameScreenViewModel.swift */ = {isa = PBXFileReference; lastKnownFileType = sourcecode.swift; path = GameScreenViewModel.swift; sourceTree = "<group>"; };
		2B61AB7E2B1A240600620295 /* WordleClone.xctestplan */ = {isa = PBXFileReference; lastKnownFileType = text; path = WordleClone.xctestplan; sourceTree = "<group>"; };
		2B61AB7F2B1A36F200620295 /* MockData.swift */ = {isa = PBXFileReference; lastKnownFileType = sourcecode.swift; path = MockData.swift; sourceTree = "<group>"; };
		2B7696242B262D3F0078DF68 /* ColourManager.swift */ = {isa = PBXFileReference; lastKnownFileType = sourcecode.swift; path = ColourManager.swift; sourceTree = "<group>"; };
		2B76962E2B2A09D10078DF68 /* GameCompletedView.swift */ = {isa = PBXFileReference; lastKnownFileType = sourcecode.swift; path = GameCompletedView.swift; sourceTree = "<group>"; };
		2B7696302B2A09FA0078DF68 /* CircleCloseButton.swift */ = {isa = PBXFileReference; lastKnownFileType = sourcecode.swift; path = CircleCloseButton.swift; sourceTree = "<group>"; };
		2B7696362B2A133B0078DF68 /* KeyboardDeleteButton.swift */ = {isa = PBXFileReference; lastKnownFileType = sourcecode.swift; path = KeyboardDeleteButton.swift; sourceTree = "<group>"; };
		2B7696382B2A13620078DF68 /* KeyboardEnterButton.swift */ = {isa = PBXFileReference; lastKnownFileType = sourcecode.swift; path = KeyboardEnterButton.swift; sourceTree = "<group>"; };
		2B76963A2B2A13990078DF68 /* KeyboardLetterButton.swift */ = {isa = PBXFileReference; lastKnownFileType = sourcecode.swift; path = KeyboardLetterButton.swift; sourceTree = "<group>"; };
		2B76963E2B2B011B0078DF68 /* five-letter-words.txt */ = {isa = PBXFileReference; fileEncoding = 4; lastKnownFileType = text; path = "five-letter-words.txt"; sourceTree = "<group>"; };
		2B7696422B2B13B10078DF68 /* WordGeneratorTests.swift */ = {isa = PBXFileReference; lastKnownFileType = sourcecode.swift; path = WordGeneratorTests.swift; sourceTree = "<group>"; };
		2B7696442B2B13D30078DF68 /* WordGeneratorMock.swift */ = {isa = PBXFileReference; lastKnownFileType = sourcecode.swift; path = WordGeneratorMock.swift; sourceTree = "<group>"; };
		2B7696462B2B368F0078DF68 /* ResetButton.swift */ = {isa = PBXFileReference; lastKnownFileType = sourcecode.swift; path = ResetButton.swift; sourceTree = "<group>"; };
		2B7696482B2B377C0078DF68 /* KeyboardView.swift */ = {isa = PBXFileReference; lastKnownFileType = sourcecode.swift; path = KeyboardView.swift; sourceTree = "<group>"; };
		2B76964A2B2B41300078DF68 /* KeyboardButton.swift */ = {isa = PBXFileReference; lastKnownFileType = sourcecode.swift; path = KeyboardButton.swift; sourceTree = "<group>"; };
		2B76964C2B2B4D9E0078DF68 /* KeyboardLetterKeyModel.swift */ = {isa = PBXFileReference; lastKnownFileType = sourcecode.swift; path = KeyboardLetterKeyModel.swift; sourceTree = "<group>"; };
		2B76964F2B2B559C0078DF68 /* DictionaryService.swift */ = {isa = PBXFileReference; lastKnownFileType = sourcecode.swift; path = DictionaryService.swift; sourceTree = "<group>"; };
		2B7696512B2B62AE0078DF68 /* DictionaryServiceTests.swift */ = {isa = PBXFileReference; lastKnownFileType = sourcecode.swift; path = DictionaryServiceTests.swift; sourceTree = "<group>"; };
		2B7696552B2B896E0078DF68 /* HttpClient.swift */ = {isa = PBXFileReference; lastKnownFileType = sourcecode.swift; path = HttpClient.swift; sourceTree = "<group>"; };
		2B7696572B2B8B6D0078DF68 /* DictionaryAPIResponse.json */ = {isa = PBXFileReference; lastKnownFileType = text.json; path = DictionaryAPIResponse.json; sourceTree = "<group>"; };
		2B7696592B2C64B80078DF68 /* MockHttpClient.swift */ = {isa = PBXFileReference; lastKnownFileType = sourcecode.swift; path = MockHttpClient.swift; sourceTree = "<group>"; };
		2B76965D2B2C6DAE0078DF68 /* WordDataResponse.swift */ = {isa = PBXFileReference; lastKnownFileType = sourcecode.swift; path = WordDataResponse.swift; sourceTree = "<group>"; };
		2B76965F2B2C6DC60078DF68 /* WordMeaning.swift */ = {isa = PBXFileReference; lastKnownFileType = sourcecode.swift; path = WordMeaning.swift; sourceTree = "<group>"; };
		2B7696612B2C6DDC0078DF68 /* WordDefinition.swift */ = {isa = PBXFileReference; lastKnownFileType = sourcecode.swift; path = WordDefinition.swift; sourceTree = "<group>"; };
		2B7696632B2C6DFB0078DF68 /* DictionaryData.swift */ = {isa = PBXFileReference; lastKnownFileType = sourcecode.swift; path = DictionaryData.swift; sourceTree = "<group>"; };
		2B7696662B30921A0078DF68 /* KeyboardActionButtonModel.swift */ = {isa = PBXFileReference; lastKnownFileType = sourcecode.swift; path = KeyboardActionButtonModel.swift; sourceTree = "<group>"; };
/* End PBXFileReference section */

/* Begin PBXFrameworksBuildPhase section */
		2B61AB4C2B1A1C8C00620295 /* Frameworks */ = {
			isa = PBXFrameworksBuildPhase;
			buildActionMask = 2147483647;
			files = (
			);
			runOnlyForDeploymentPostprocessing = 0;
		};
		2B61AB5C2B1A1C8D00620295 /* Frameworks */ = {
			isa = PBXFrameworksBuildPhase;
			buildActionMask = 2147483647;
			files = (
			);
			runOnlyForDeploymentPostprocessing = 0;
		};
		2B61AB662B1A1C8D00620295 /* Frameworks */ = {
			isa = PBXFrameworksBuildPhase;
			buildActionMask = 2147483647;
			files = (
			);
			runOnlyForDeploymentPostprocessing = 0;
		};
/* End PBXFrameworksBuildPhase section */

/* Begin PBXGroup section */
		2B4359692B21CF8D00581832 /* Global Extensions */ = {
			isa = PBXGroup;
			children = (
				2B43596A2B21CFA000581832 /* StringExtensions.swift */,
			);
			path = "Global Extensions";
			sourceTree = "<group>";
		};
		2B61AB462B1A1C8C00620295 = {
			isa = PBXGroup;
			children = (
				2B61AB7E2B1A240600620295 /* WordleClone.xctestplan */,
				2B61AB512B1A1C8C00620295 /* WordleClone */,
				2B61AB622B1A1C8D00620295 /* WordleCloneTests */,
				2B61AB6C2B1A1C8D00620295 /* WordleCloneUITests */,
				2B61AB502B1A1C8C00620295 /* Products */,
			);
			sourceTree = "<group>";
		};
		2B61AB502B1A1C8C00620295 /* Products */ = {
			isa = PBXGroup;
			children = (
				2B61AB4F2B1A1C8C00620295 /* WordleClone.app */,
				2B61AB5F2B1A1C8D00620295 /* WordleCloneTests.xctest */,
				2B61AB692B1A1C8D00620295 /* WordleCloneUITests.xctest */,
			);
			name = Products;
			sourceTree = "<group>";
		};
		2B61AB512B1A1C8C00620295 /* WordleClone */ = {
			isa = PBXGroup;
			children = (
				2B76964E2B2B55650078DF68 /* Networking */,
				2B76963D2B2B00F50078DF68 /* Data */,
				2B7696342B2A10CD0078DF68 /* Managers */,
				2B7696332B2A10B80078DF68 /* Models */,
				2B7696322B2A108C0078DF68 /* Views */,
				2B4359692B21CF8D00581832 /* Global Extensions */,
				2B61AB522B1A1C8C00620295 /* WordleCloneApp.swift */,
				2B76963E2B2B011B0078DF68 /* five-letter-words.txt */,
				2B61AB562B1A1C8D00620295 /* Assets.xcassets */,
				2B61AB582B1A1C8D00620295 /* Preview Content */,
			);
			path = WordleClone;
			sourceTree = "<group>";
		};
		2B61AB582B1A1C8D00620295 /* Preview Content */ = {
			isa = PBXGroup;
			children = (
				2B61AB592B1A1C8D00620295 /* Preview Assets.xcassets */,
			);
			path = "Preview Content";
			sourceTree = "<group>";
		};
		2B61AB622B1A1C8D00620295 /* WordleCloneTests */ = {
			isa = PBXGroup;
			children = (
				2B7696652B2C6E5D0078DF68 /* Mocks */,
				2B61AB632B1A1C8D00620295 /* GameScreenViewModelTests.swift */,
				2B7696422B2B13B10078DF68 /* WordGeneratorTests.swift */,
				2B7696512B2B62AE0078DF68 /* DictionaryServiceTests.swift */,
				2B7696572B2B8B6D0078DF68 /* DictionaryAPIResponse.json */,
			);
			path = WordleCloneTests;
			sourceTree = "<group>";
		};
		2B61AB6C2B1A1C8D00620295 /* WordleCloneUITests */ = {
			isa = PBXGroup;
			children = (
				2B61AB6D2B1A1C8D00620295 /* WordleCloneUITests.swift */,
				2B61AB6F2B1A1C8D00620295 /* WordleCloneUITestsLaunchTests.swift */,
			);
			path = WordleCloneUITests;
			sourceTree = "<group>";
		};
		2B7696322B2A108C0078DF68 /* Views */ = {
			isa = PBXGroup;
			children = (
				2B7696352B2A13280078DF68 /* Keyboard */,
				2B61AB542B1A1C8C00620295 /* GameScreenView.swift */,
				2B1EA1522B1F7EA1003802E7 /* LetterGridCellView.swift */,
				2B76962E2B2A09D10078DF68 /* GameCompletedView.swift */,
				2B7696302B2A09FA0078DF68 /* CircleCloseButton.swift */,
				2B7696462B2B368F0078DF68 /* ResetButton.swift */,
			);
			path = Views;
			sourceTree = "<group>";
		};
		2B7696332B2A10B80078DF68 /* Models */ = {
			isa = PBXGroup;
			children = (
				2B61AB7C2B1A23D500620295 /* GameScreenViewModel.swift */,
				2B1EA1562B1F7F81003802E7 /* LetterGridCellModel.swift */,
				2B76964C2B2B4D9E0078DF68 /* KeyboardLetterKeyModel.swift */,
				2B7696632B2C6DFB0078DF68 /* DictionaryData.swift */,
			);
			path = Models;
			sourceTree = "<group>";
		};
		2B7696342B2A10CD0078DF68 /* Managers */ = {
			isa = PBXGroup;
			children = (
				2B7696242B262D3F0078DF68 /* ColourManager.swift */,
				2B1EA1542B1F7F30003802E7 /* WordGenerator.swift */,
			);
			path = Managers;
			sourceTree = "<group>";
		};
		2B7696352B2A13280078DF68 /* Keyboard */ = {
			isa = PBXGroup;
			children = (
				2B7696362B2A133B0078DF68 /* KeyboardDeleteButton.swift */,
				2B7696382B2A13620078DF68 /* KeyboardEnterButton.swift */,
				2B76963A2B2A13990078DF68 /* KeyboardLetterButton.swift */,
				2B7696482B2B377C0078DF68 /* KeyboardView.swift */,
				2B76964A2B2B41300078DF68 /* KeyboardButton.swift */,
				2B7696662B30921A0078DF68 /* KeyboardActionButtonModel.swift */,
			);
			path = Keyboard;
			sourceTree = "<group>";
		};
		2B76963D2B2B00F50078DF68 /* Data */ = {
			isa = PBXGroup;
			children = (
				2B61AB7F2B1A36F200620295 /* MockData.swift */,
			);
			path = Data;
			sourceTree = "<group>";
		};
		2B76964E2B2B55650078DF68 /* Networking */ = {
			isa = PBXGroup;
			children = (
				2B76965C2B2C6DA20078DF68 /* API response models */,
				2B76964F2B2B559C0078DF68 /* DictionaryService.swift */,
				2B7696552B2B896E0078DF68 /* HttpClient.swift */,
			);
			path = Networking;
			sourceTree = "<group>";
		};
		2B76965C2B2C6DA20078DF68 /* API response models */ = {
			isa = PBXGroup;
			children = (
				2B76965D2B2C6DAE0078DF68 /* WordDataResponse.swift */,
				2B76965F2B2C6DC60078DF68 /* WordMeaning.swift */,
				2B7696612B2C6DDC0078DF68 /* WordDefinition.swift */,
			);
			path = "API response models";
			sourceTree = "<group>";
		};
		2B7696652B2C6E5D0078DF68 /* Mocks */ = {
			isa = PBXGroup;
			children = (
				2B7696592B2C64B80078DF68 /* MockHttpClient.swift */,
				2B7696442B2B13D30078DF68 /* WordGeneratorMock.swift */,
			);
			path = Mocks;
			sourceTree = "<group>";
		};
/* End PBXGroup section */

/* Begin PBXNativeTarget section */
		2B61AB4E2B1A1C8C00620295 /* WordleClone */ = {
			isa = PBXNativeTarget;
			buildConfigurationList = 2B61AB732B1A1C8D00620295 /* Build configuration list for PBXNativeTarget "WordleClone" */;
			buildPhases = (
				2B61AB4B2B1A1C8C00620295 /* Sources */,
				2B61AB4C2B1A1C8C00620295 /* Frameworks */,
				2B61AB4D2B1A1C8C00620295 /* Resources */,
			);
			buildRules = (
			);
			dependencies = (
			);
			name = WordleClone;
			productName = WordleClone;
			productReference = 2B61AB4F2B1A1C8C00620295 /* WordleClone.app */;
			productType = "com.apple.product-type.application";
		};
		2B61AB5E2B1A1C8D00620295 /* WordleCloneTests */ = {
			isa = PBXNativeTarget;
			buildConfigurationList = 2B61AB762B1A1C8D00620295 /* Build configuration list for PBXNativeTarget "WordleCloneTests" */;
			buildPhases = (
				2B61AB5B2B1A1C8D00620295 /* Sources */,
				2B61AB5C2B1A1C8D00620295 /* Frameworks */,
				2B61AB5D2B1A1C8D00620295 /* Resources */,
			);
			buildRules = (
			);
			dependencies = (
				2B61AB612B1A1C8D00620295 /* PBXTargetDependency */,
			);
			name = WordleCloneTests;
			productName = WordleCloneTests;
			productReference = 2B61AB5F2B1A1C8D00620295 /* WordleCloneTests.xctest */;
			productType = "com.apple.product-type.bundle.unit-test";
		};
		2B61AB682B1A1C8D00620295 /* WordleCloneUITests */ = {
			isa = PBXNativeTarget;
			buildConfigurationList = 2B61AB792B1A1C8D00620295 /* Build configuration list for PBXNativeTarget "WordleCloneUITests" */;
			buildPhases = (
				2B61AB652B1A1C8D00620295 /* Sources */,
				2B61AB662B1A1C8D00620295 /* Frameworks */,
				2B61AB672B1A1C8D00620295 /* Resources */,
			);
			buildRules = (
			);
			dependencies = (
				2B61AB6B2B1A1C8D00620295 /* PBXTargetDependency */,
			);
			name = WordleCloneUITests;
			productName = WordleCloneUITests;
			productReference = 2B61AB692B1A1C8D00620295 /* WordleCloneUITests.xctest */;
			productType = "com.apple.product-type.bundle.ui-testing";
		};
/* End PBXNativeTarget section */

/* Begin PBXProject section */
		2B61AB472B1A1C8C00620295 /* Project object */ = {
			isa = PBXProject;
			attributes = {
				BuildIndependentTargetsInParallel = 1;
				LastSwiftUpdateCheck = 1500;
				LastUpgradeCheck = 1500;
				TargetAttributes = {
					2B61AB4E2B1A1C8C00620295 = {
						CreatedOnToolsVersion = 15.0.1;
					};
					2B61AB5E2B1A1C8D00620295 = {
						CreatedOnToolsVersion = 15.0.1;
						TestTargetID = 2B61AB4E2B1A1C8C00620295;
					};
					2B61AB682B1A1C8D00620295 = {
						CreatedOnToolsVersion = 15.0.1;
						TestTargetID = 2B61AB4E2B1A1C8C00620295;
					};
				};
			};
			buildConfigurationList = 2B61AB4A2B1A1C8C00620295 /* Build configuration list for PBXProject "WordleClone" */;
			compatibilityVersion = "Xcode 14.0";
			developmentRegion = en;
			hasScannedForEncodings = 0;
			knownRegions = (
				en,
				Base,
			);
			mainGroup = 2B61AB462B1A1C8C00620295;
			productRefGroup = 2B61AB502B1A1C8C00620295 /* Products */;
			projectDirPath = "";
			projectRoot = "";
			targets = (
				2B61AB4E2B1A1C8C00620295 /* WordleClone */,
				2B61AB5E2B1A1C8D00620295 /* WordleCloneTests */,
				2B61AB682B1A1C8D00620295 /* WordleCloneUITests */,
			);
		};
/* End PBXProject section */

/* Begin PBXResourcesBuildPhase section */
		2B61AB4D2B1A1C8C00620295 /* Resources */ = {
			isa = PBXResourcesBuildPhase;
			buildActionMask = 2147483647;
			files = (
				2B61AB5A2B1A1C8D00620295 /* Preview Assets.xcassets in Resources */,
				2B76963F2B2B011B0078DF68 /* five-letter-words.txt in Resources */,
				2B61AB572B1A1C8D00620295 /* Assets.xcassets in Resources */,
			);
			runOnlyForDeploymentPostprocessing = 0;
		};
		2B61AB5D2B1A1C8D00620295 /* Resources */ = {
			isa = PBXResourcesBuildPhase;
			buildActionMask = 2147483647;
			files = (
				2B7696582B2B8B6D0078DF68 /* DictionaryAPIResponse.json in Resources */,
			);
			runOnlyForDeploymentPostprocessing = 0;
		};
		2B61AB672B1A1C8D00620295 /* Resources */ = {
			isa = PBXResourcesBuildPhase;
			buildActionMask = 2147483647;
			files = (
			);
			runOnlyForDeploymentPostprocessing = 0;
		};
/* End PBXResourcesBuildPhase section */

/* Begin PBXSourcesBuildPhase section */
		2B61AB4B2B1A1C8C00620295 /* Sources */ = {
			isa = PBXSourcesBuildPhase;
			buildActionMask = 2147483647;
			files = (
				2B43596B2B21CFA000581832 /* StringExtensions.swift in Sources */,
				2B7696472B2B368F0078DF68 /* ResetButton.swift in Sources */,
				2B61AB7D2B1A23D500620295 /* GameScreenViewModel.swift in Sources */,
				2B76962F2B2A09D10078DF68 /* GameCompletedView.swift in Sources */,
				2B76964D2B2B4D9E0078DF68 /* KeyboardLetterKeyModel.swift in Sources */,
				2B7696672B30921A0078DF68 /* KeyboardActionButtonModel.swift in Sources */,
				2B7696622B2C6DDC0078DF68 /* WordDefinition.swift in Sources */,
				2B61AB802B1A36F200620295 /* MockData.swift in Sources */,
				2B7696642B2C6DFB0078DF68 /* DictionaryData.swift in Sources */,
				2B61AB552B1A1C8C00620295 /* GameScreenView.swift in Sources */,
				2B1EA1552B1F7F30003802E7 /* WordGenerator.swift in Sources */,
				2B7696502B2B559C0078DF68 /* DictionaryService.swift in Sources */,
				2B7696392B2A13620078DF68 /* KeyboardEnterButton.swift in Sources */,
				2B7696562B2B896E0078DF68 /* HttpClient.swift in Sources */,
				2B7696312B2A09FA0078DF68 /* CircleCloseButton.swift in Sources */,
				2B7696492B2B377C0078DF68 /* KeyboardView.swift in Sources */,
				2B61AB532B1A1C8C00620295 /* WordleCloneApp.swift in Sources */,
				2B1EA1572B1F7F81003802E7 /* LetterGridCellModel.swift in Sources */,
				2B7696372B2A133B0078DF68 /* KeyboardDeleteButton.swift in Sources */,
				2B1EA1532B1F7EA1003802E7 /* LetterGridCellView.swift in Sources */,
				2B7696602B2C6DC60078DF68 /* WordMeaning.swift in Sources */,
				2B76963B2B2A13990078DF68 /* KeyboardLetterButton.swift in Sources */,
				2B76964B2B2B41300078DF68 /* KeyboardButton.swift in Sources */,
				2B7696252B262D3F0078DF68 /* ColourManager.swift in Sources */,
				2B76965E2B2C6DAE0078DF68 /* WordDataResponse.swift in Sources */,
			);
			runOnlyForDeploymentPostprocessing = 0;
		};
		2B61AB5B2B1A1C8D00620295 /* Sources */ = {
			isa = PBXSourcesBuildPhase;
			buildActionMask = 2147483647;
			files = (
				2B61AB642B1A1C8D00620295 /* GameScreenViewModelTests.swift in Sources */,
				2B76965A2B2C64B80078DF68 /* MockHttpClient.swift in Sources */,
				2B7696522B2B62AE0078DF68 /* DictionaryServiceTests.swift in Sources */,
				2B7696452B2B13D30078DF68 /* WordGeneratorMock.swift in Sources */,
				2B7696432B2B13B10078DF68 /* WordGeneratorTests.swift in Sources */,
			);
			runOnlyForDeploymentPostprocessing = 0;
		};
		2B61AB652B1A1C8D00620295 /* Sources */ = {
			isa = PBXSourcesBuildPhase;
			buildActionMask = 2147483647;
			files = (
				2B61AB6E2B1A1C8D00620295 /* WordleCloneUITests.swift in Sources */,
				2B61AB702B1A1C8D00620295 /* WordleCloneUITestsLaunchTests.swift in Sources */,
			);
			runOnlyForDeploymentPostprocessing = 0;
		};
/* End PBXSourcesBuildPhase section */

/* Begin PBXTargetDependency section */
		2B61AB612B1A1C8D00620295 /* PBXTargetDependency */ = {
			isa = PBXTargetDependency;
			target = 2B61AB4E2B1A1C8C00620295 /* WordleClone */;
			targetProxy = 2B61AB602B1A1C8D00620295 /* PBXContainerItemProxy */;
		};
		2B61AB6B2B1A1C8D00620295 /* PBXTargetDependency */ = {
			isa = PBXTargetDependency;
			target = 2B61AB4E2B1A1C8C00620295 /* WordleClone */;
			targetProxy = 2B61AB6A2B1A1C8D00620295 /* PBXContainerItemProxy */;
		};
/* End PBXTargetDependency section */

/* Begin XCBuildConfiguration section */
		2B61AB712B1A1C8D00620295 /* Debug */ = {
			isa = XCBuildConfiguration;
			buildSettings = {
				ALWAYS_SEARCH_USER_PATHS = NO;
				ASSETCATALOG_COMPILER_GENERATE_SWIFT_ASSET_SYMBOL_EXTENSIONS = YES;
				CLANG_ANALYZER_NONNULL = YES;
				CLANG_ANALYZER_NUMBER_OBJECT_CONVERSION = YES_AGGRESSIVE;
				CLANG_CXX_LANGUAGE_STANDARD = "gnu++20";
				CLANG_ENABLE_MODULES = YES;
				CLANG_ENABLE_OBJC_ARC = YES;
				CLANG_ENABLE_OBJC_WEAK = YES;
				CLANG_WARN_BLOCK_CAPTURE_AUTORELEASING = YES;
				CLANG_WARN_BOOL_CONVERSION = YES;
				CLANG_WARN_COMMA = YES;
				CLANG_WARN_CONSTANT_CONVERSION = YES;
				CLANG_WARN_DEPRECATED_OBJC_IMPLEMENTATIONS = YES;
				CLANG_WARN_DIRECT_OBJC_ISA_USAGE = YES_ERROR;
				CLANG_WARN_DOCUMENTATION_COMMENTS = YES;
				CLANG_WARN_EMPTY_BODY = YES;
				CLANG_WARN_ENUM_CONVERSION = YES;
				CLANG_WARN_INFINITE_RECURSION = YES;
				CLANG_WARN_INT_CONVERSION = YES;
				CLANG_WARN_NON_LITERAL_NULL_CONVERSION = YES;
				CLANG_WARN_OBJC_IMPLICIT_RETAIN_SELF = YES;
				CLANG_WARN_OBJC_LITERAL_CONVERSION = YES;
				CLANG_WARN_OBJC_ROOT_CLASS = YES_ERROR;
				CLANG_WARN_QUOTED_INCLUDE_IN_FRAMEWORK_HEADER = YES;
				CLANG_WARN_RANGE_LOOP_ANALYSIS = YES;
				CLANG_WARN_STRICT_PROTOTYPES = YES;
				CLANG_WARN_SUSPICIOUS_MOVE = YES;
				CLANG_WARN_UNGUARDED_AVAILABILITY = YES_AGGRESSIVE;
				CLANG_WARN_UNREACHABLE_CODE = YES;
				CLANG_WARN__DUPLICATE_METHOD_MATCH = YES;
				COPY_PHASE_STRIP = NO;
				DEBUG_INFORMATION_FORMAT = dwarf;
				ENABLE_STRICT_OBJC_MSGSEND = YES;
				ENABLE_TESTABILITY = YES;
				ENABLE_USER_SCRIPT_SANDBOXING = YES;
				GCC_C_LANGUAGE_STANDARD = gnu17;
				GCC_DYNAMIC_NO_PIC = NO;
				GCC_NO_COMMON_BLOCKS = YES;
				GCC_OPTIMIZATION_LEVEL = 0;
				GCC_PREPROCESSOR_DEFINITIONS = (
					"DEBUG=1",
					"$(inherited)",
				);
				GCC_WARN_64_TO_32_BIT_CONVERSION = YES;
				GCC_WARN_ABOUT_RETURN_TYPE = YES_ERROR;
				GCC_WARN_UNDECLARED_SELECTOR = YES;
				GCC_WARN_UNINITIALIZED_AUTOS = YES_AGGRESSIVE;
				GCC_WARN_UNUSED_FUNCTION = YES;
				GCC_WARN_UNUSED_VARIABLE = YES;
				IPHONEOS_DEPLOYMENT_TARGET = 17.0;
				LOCALIZATION_PREFERS_STRING_CATALOGS = YES;
				MTL_ENABLE_DEBUG_INFO = INCLUDE_SOURCE;
				MTL_FAST_MATH = YES;
				ONLY_ACTIVE_ARCH = YES;
				SDKROOT = iphoneos;
				SWIFT_ACTIVE_COMPILATION_CONDITIONS = "DEBUG $(inherited)";
				SWIFT_OPTIMIZATION_LEVEL = "-Onone";
			};
			name = Debug;
		};
		2B61AB722B1A1C8D00620295 /* Release */ = {
			isa = XCBuildConfiguration;
			buildSettings = {
				ALWAYS_SEARCH_USER_PATHS = NO;
				ASSETCATALOG_COMPILER_GENERATE_SWIFT_ASSET_SYMBOL_EXTENSIONS = YES;
				CLANG_ANALYZER_NONNULL = YES;
				CLANG_ANALYZER_NUMBER_OBJECT_CONVERSION = YES_AGGRESSIVE;
				CLANG_CXX_LANGUAGE_STANDARD = "gnu++20";
				CLANG_ENABLE_MODULES = YES;
				CLANG_ENABLE_OBJC_ARC = YES;
				CLANG_ENABLE_OBJC_WEAK = YES;
				CLANG_WARN_BLOCK_CAPTURE_AUTORELEASING = YES;
				CLANG_WARN_BOOL_CONVERSION = YES;
				CLANG_WARN_COMMA = YES;
				CLANG_WARN_CONSTANT_CONVERSION = YES;
				CLANG_WARN_DEPRECATED_OBJC_IMPLEMENTATIONS = YES;
				CLANG_WARN_DIRECT_OBJC_ISA_USAGE = YES_ERROR;
				CLANG_WARN_DOCUMENTATION_COMMENTS = YES;
				CLANG_WARN_EMPTY_BODY = YES;
				CLANG_WARN_ENUM_CONVERSION = YES;
				CLANG_WARN_INFINITE_RECURSION = YES;
				CLANG_WARN_INT_CONVERSION = YES;
				CLANG_WARN_NON_LITERAL_NULL_CONVERSION = YES;
				CLANG_WARN_OBJC_IMPLICIT_RETAIN_SELF = YES;
				CLANG_WARN_OBJC_LITERAL_CONVERSION = YES;
				CLANG_WARN_OBJC_ROOT_CLASS = YES_ERROR;
				CLANG_WARN_QUOTED_INCLUDE_IN_FRAMEWORK_HEADER = YES;
				CLANG_WARN_RANGE_LOOP_ANALYSIS = YES;
				CLANG_WARN_STRICT_PROTOTYPES = YES;
				CLANG_WARN_SUSPICIOUS_MOVE = YES;
				CLANG_WARN_UNGUARDED_AVAILABILITY = YES_AGGRESSIVE;
				CLANG_WARN_UNREACHABLE_CODE = YES;
				CLANG_WARN__DUPLICATE_METHOD_MATCH = YES;
				COPY_PHASE_STRIP = NO;
				DEBUG_INFORMATION_FORMAT = "dwarf-with-dsym";
				ENABLE_NS_ASSERTIONS = NO;
				ENABLE_STRICT_OBJC_MSGSEND = YES;
				ENABLE_USER_SCRIPT_SANDBOXING = YES;
				GCC_C_LANGUAGE_STANDARD = gnu17;
				GCC_NO_COMMON_BLOCKS = YES;
				GCC_WARN_64_TO_32_BIT_CONVERSION = YES;
				GCC_WARN_ABOUT_RETURN_TYPE = YES_ERROR;
				GCC_WARN_UNDECLARED_SELECTOR = YES;
				GCC_WARN_UNINITIALIZED_AUTOS = YES_AGGRESSIVE;
				GCC_WARN_UNUSED_FUNCTION = YES;
				GCC_WARN_UNUSED_VARIABLE = YES;
				IPHONEOS_DEPLOYMENT_TARGET = 17.0;
				LOCALIZATION_PREFERS_STRING_CATALOGS = YES;
				MTL_ENABLE_DEBUG_INFO = NO;
				MTL_FAST_MATH = YES;
				SDKROOT = iphoneos;
				SWIFT_COMPILATION_MODE = wholemodule;
				VALIDATE_PRODUCT = YES;
			};
			name = Release;
		};
		2B61AB742B1A1C8D00620295 /* Debug */ = {
			isa = XCBuildConfiguration;
			buildSettings = {
				ASSETCATALOG_COMPILER_APPICON_NAME = AppIcon;
				ASSETCATALOG_COMPILER_GLOBAL_ACCENT_COLOR_NAME = AccentColor;
				CODE_SIGN_STYLE = Automatic;
				CURRENT_PROJECT_VERSION = 1;
				DEVELOPMENT_ASSET_PATHS = "\"WordleClone/Preview Content\"";
				DEVELOPMENT_TEAM = BF95HT3K2M;
				ENABLE_PREVIEWS = YES;
				GENERATE_INFOPLIST_FILE = YES;
				INFOPLIST_KEY_UIApplicationSceneManifest_Generation = YES;
				INFOPLIST_KEY_UIApplicationSupportsIndirectInputEvents = YES;
				INFOPLIST_KEY_UILaunchScreen_Generation = YES;
				INFOPLIST_KEY_UISupportedInterfaceOrientations = "UIInterfaceOrientationPortrait UIInterfaceOrientationPortraitUpsideDown";
				LD_RUNPATH_SEARCH_PATHS = (
					"$(inherited)",
					"@executable_path/Frameworks",
				);
				MARKETING_VERSION = 1.0;
				PRODUCT_BUNDLE_IDENTIFIER = fw.WordleClone;
				PRODUCT_NAME = "$(TARGET_NAME)";
				SWIFT_EMIT_LOC_STRINGS = YES;
				SWIFT_VERSION = 5.0;
				TARGETED_DEVICE_FAMILY = "1,2";
			};
			name = Debug;
		};
		2B61AB752B1A1C8D00620295 /* Release */ = {
			isa = XCBuildConfiguration;
			buildSettings = {
				ASSETCATALOG_COMPILER_APPICON_NAME = AppIcon;
				ASSETCATALOG_COMPILER_GLOBAL_ACCENT_COLOR_NAME = AccentColor;
				CODE_SIGN_STYLE = Automatic;
				CURRENT_PROJECT_VERSION = 1;
				DEVELOPMENT_ASSET_PATHS = "\"WordleClone/Preview Content\"";
				DEVELOPMENT_TEAM = BF95HT3K2M;
				ENABLE_PREVIEWS = YES;
				GENERATE_INFOPLIST_FILE = YES;
				INFOPLIST_KEY_UIApplicationSceneManifest_Generation = YES;
				INFOPLIST_KEY_UIApplicationSupportsIndirectInputEvents = YES;
				INFOPLIST_KEY_UILaunchScreen_Generation = YES;
				INFOPLIST_KEY_UISupportedInterfaceOrientations = "UIInterfaceOrientationPortrait UIInterfaceOrientationPortraitUpsideDown";
				LD_RUNPATH_SEARCH_PATHS = (
					"$(inherited)",
					"@executable_path/Frameworks",
				);
				MARKETING_VERSION = 1.0;
				PRODUCT_BUNDLE_IDENTIFIER = fw.WordleClone;
				PRODUCT_NAME = "$(TARGET_NAME)";
				SWIFT_EMIT_LOC_STRINGS = YES;
				SWIFT_VERSION = 5.0;
				TARGETED_DEVICE_FAMILY = "1,2";
			};
			name = Release;
		};
		2B61AB772B1A1C8D00620295 /* Debug */ = {
			isa = XCBuildConfiguration;
			buildSettings = {
				ALWAYS_EMBED_SWIFT_STANDARD_LIBRARIES = YES;
				BUNDLE_LOADER = "$(TEST_HOST)";
				CODE_SIGN_STYLE = Automatic;
				CURRENT_PROJECT_VERSION = 1;
				GENERATE_INFOPLIST_FILE = YES;
				IPHONEOS_DEPLOYMENT_TARGET = 17.0;
				MARKETING_VERSION = 1.0;
				PRODUCT_BUNDLE_IDENTIFIER = fw.WordleCloneTests;
				PRODUCT_NAME = "$(TARGET_NAME)";
				SWIFT_EMIT_LOC_STRINGS = NO;
				SWIFT_VERSION = 5.0;
				TARGETED_DEVICE_FAMILY = "1,2";
				TEST_HOST = "$(BUILT_PRODUCTS_DIR)/WordleClone.app/$(BUNDLE_EXECUTABLE_FOLDER_PATH)/WordleClone";
			};
			name = Debug;
		};
		2B61AB782B1A1C8D00620295 /* Release */ = {
			isa = XCBuildConfiguration;
			buildSettings = {
				ALWAYS_EMBED_SWIFT_STANDARD_LIBRARIES = YES;
				BUNDLE_LOADER = "$(TEST_HOST)";
				CODE_SIGN_STYLE = Automatic;
				CURRENT_PROJECT_VERSION = 1;
				GENERATE_INFOPLIST_FILE = YES;
				IPHONEOS_DEPLOYMENT_TARGET = 17.0;
				MARKETING_VERSION = 1.0;
				PRODUCT_BUNDLE_IDENTIFIER = fw.WordleCloneTests;
				PRODUCT_NAME = "$(TARGET_NAME)";
				SWIFT_EMIT_LOC_STRINGS = NO;
				SWIFT_VERSION = 5.0;
				TARGETED_DEVICE_FAMILY = "1,2";
				TEST_HOST = "$(BUILT_PRODUCTS_DIR)/WordleClone.app/$(BUNDLE_EXECUTABLE_FOLDER_PATH)/WordleClone";
			};
			name = Release;
		};
		2B61AB7A2B1A1C8D00620295 /* Debug */ = {
			isa = XCBuildConfiguration;
			buildSettings = {
				ALWAYS_EMBED_SWIFT_STANDARD_LIBRARIES = YES;
				CODE_SIGN_STYLE = Automatic;
				CURRENT_PROJECT_VERSION = 1;
				GENERATE_INFOPLIST_FILE = YES;
				MARKETING_VERSION = 1.0;
				PRODUCT_BUNDLE_IDENTIFIER = fw.WordleCloneUITests;
				PRODUCT_NAME = "$(TARGET_NAME)";
				SWIFT_EMIT_LOC_STRINGS = NO;
				SWIFT_VERSION = 5.0;
				TARGETED_DEVICE_FAMILY = "1,2";
				TEST_TARGET_NAME = WordleClone;
			};
			name = Debug;
		};
		2B61AB7B2B1A1C8D00620295 /* Release */ = {
			isa = XCBuildConfiguration;
			buildSettings = {
				ALWAYS_EMBED_SWIFT_STANDARD_LIBRARIES = YES;
				CODE_SIGN_STYLE = Automatic;
				CURRENT_PROJECT_VERSION = 1;
				GENERATE_INFOPLIST_FILE = YES;
				MARKETING_VERSION = 1.0;
				PRODUCT_BUNDLE_IDENTIFIER = fw.WordleCloneUITests;
				PRODUCT_NAME = "$(TARGET_NAME)";
				SWIFT_EMIT_LOC_STRINGS = NO;
				SWIFT_VERSION = 5.0;
				TARGETED_DEVICE_FAMILY = "1,2";
				TEST_TARGET_NAME = WordleClone;
			};
			name = Release;
		};
/* End XCBuildConfiguration section */

/* Begin XCConfigurationList section */
		2B61AB4A2B1A1C8C00620295 /* Build configuration list for PBXProject "WordleClone" */ = {
			isa = XCConfigurationList;
			buildConfigurations = (
				2B61AB712B1A1C8D00620295 /* Debug */,
				2B61AB722B1A1C8D00620295 /* Release */,
			);
			defaultConfigurationIsVisible = 0;
			defaultConfigurationName = Release;
		};
		2B61AB732B1A1C8D00620295 /* Build configuration list for PBXNativeTarget "WordleClone" */ = {
			isa = XCConfigurationList;
			buildConfigurations = (
				2B61AB742B1A1C8D00620295 /* Debug */,
				2B61AB752B1A1C8D00620295 /* Release */,
			);
			defaultConfigurationIsVisible = 0;
			defaultConfigurationName = Release;
		};
		2B61AB762B1A1C8D00620295 /* Build configuration list for PBXNativeTarget "WordleCloneTests" */ = {
			isa = XCConfigurationList;
			buildConfigurations = (
				2B61AB772B1A1C8D00620295 /* Debug */,
				2B61AB782B1A1C8D00620295 /* Release */,
			);
			defaultConfigurationIsVisible = 0;
			defaultConfigurationName = Release;
		};
		2B61AB792B1A1C8D00620295 /* Build configuration list for PBXNativeTarget "WordleCloneUITests" */ = {
			isa = XCConfigurationList;
			buildConfigurations = (
				2B61AB7A2B1A1C8D00620295 /* Debug */,
				2B61AB7B2B1A1C8D00620295 /* Release */,
			);
			defaultConfigurationIsVisible = 0;
			defaultConfigurationName = Release;
		};
/* End XCConfigurationList section */
	};
	rootObject = 2B61AB472B1A1C8C00620295 /* Project object */;
}
